
Microsoft Visual Studio Solution File, Format Version 12.00
# Visual Studio Version 17
VisualStudioVersion = 17.7.34024.191
MinimumVisualStudioVersion = 10.0.40219.1
Project("{FAE04EC0-301F-11D3-BF4B-00C04F79EFBC}") = "Lab_3_WF", "Lab_3_WF\Lab_3_WF.csproj", "{45CDACA1-5F2C-469F-8A9D-FE6155B14C0C}"
EndProject
Global
	GlobalSection(SolutionConfigurationPlatforms) = preSolution
		Debug|Any CPU = Debug|Any CPU
		Release|Any CPU = Release|Any CPU
	EndGlobalSection
	GlobalSection(ProjectConfigurationPlatforms) = postSolution
		{45CDACA1-5F2C-469F-8A9D-FE6155B14C0C}.Debug|Any CPU.ActiveCfg = Debug|Any CPU
		{45CDACA1-5F2C-469F-8A9D-FE6155B14C0C}.Debug|Any CPU.Build.0 = Debug|Any CPU
		{45CDACA1-5F2C-469F-8A9D-FE6155B14C0C}.Release|Any CPU.ActiveCfg = Release|Any CPU
		{45CDACA1-5F2C-469F-8A9D-FE6155B14C0C}.Release|Any CPU.Build.0 = Release|Any CPU
	EndGlobalSection
	GlobalSection(SolutionProperties) = preSolution
		HideSolutionNode = FALSE
	EndGlobalSection
	GlobalSection(ExtensibilityGlobals) = postSolution
		SolutionGuid = {EEF4D21D-C5C3-4165-854E-914A906A6F36}
	EndGlobalSection
EndGlobal
