
Microsoft Visual Studio Solution File, Format Version 12.00
# Visual Studio Version 17
VisualStudioVersion = 17.6.33723.286
MinimumVisualStudioVersion = 10.0.40219.1
Project("{FAE04EC0-301F-11D3-BF4B-00C04F79EFBC}") = "GeomShapes", "GeomShapes\GeomShapes.csproj", "{A11D32BB-CA39-4FC1-8D33-B7831E4D6D0E}"
EndProject
Global
	GlobalSection(SolutionConfigurationPlatforms) = preSolution
		Debug|Any CPU = Debug|Any CPU
		Release|Any CPU = Release|Any CPU
	EndGlobalSection
	GlobalSection(ProjectConfigurationPlatforms) = postSolution
		{A11D32BB-CA39-4FC1-8D33-B7831E4D6D0E}.Debug|Any CPU.ActiveCfg = Debug|Any CPU
		{A11D32BB-CA39-4FC1-8D33-B7831E4D6D0E}.Debug|Any CPU.Build.0 = Debug|Any CPU
		{A11D32BB-CA39-4FC1-8D33-B7831E4D6D0E}.Release|Any CPU.ActiveCfg = Release|Any CPU
		{A11D32BB-CA39-4FC1-8D33-B7831E4D6D0E}.Release|Any CPU.Build.0 = Release|Any CPU
	EndGlobalSection
	GlobalSection(SolutionProperties) = preSolution
		HideSolutionNode = FALSE
	EndGlobalSection
	GlobalSection(ExtensibilityGlobals) = postSolution
		SolutionGuid = {51DF4378-F587-4719-97B4-4C7A853AFD86}
	EndGlobalSection
EndGlobal
